
Microsoft Visual Studio Solution File, Format Version 12.00
# Visual Studio 15
VisualStudioVersion = 15.0.28307.1062
MinimumVisualStudioVersion = 10.0.40219.1
Project("{FAE04EC0-301F-11D3-BF4B-00C04F79EFBC}") = "ReferenceBookAPI", "ReferenceBookAPI\ReferenceBookAPI.csproj", "{95AD56A9-4D02-4424-B733-245F7CA63A1E}"
EndProject
Project("{FAE04EC0-301F-11D3-BF4B-00C04F79EFBC}") = "DAL", "DAL\DAL.csproj", "{1761CF01-5091-435C-A2EE-1CE4C1290A76}"
EndProject
Project("{FAE04EC0-301F-11D3-BF4B-00C04F79EFBC}") = "BLL", "BLL\BLL.csproj", "{B4390BE8-6C48-457C-82EF-1BDCE05FE60C}"
EndProject
Global
	GlobalSection(SolutionConfigurationPlatforms) = preSolution
		Debug|Any CPU = Debug|Any CPU
		Release|Any CPU = Release|Any CPU
	EndGlobalSection
	GlobalSection(ProjectConfigurationPlatforms) = postSolution
		{95AD56A9-4D02-4424-B733-245F7CA63A1E}.Debug|Any CPU.ActiveCfg = Debug|Any CPU
		{95AD56A9-4D02-4424-B733-245F7CA63A1E}.Debug|Any CPU.Build.0 = Debug|Any CPU
		{95AD56A9-4D02-4424-B733-245F7CA63A1E}.Release|Any CPU.ActiveCfg = Release|Any CPU
		{95AD56A9-4D02-4424-B733-245F7CA63A1E}.Release|Any CPU.Build.0 = Release|Any CPU
		{1761CF01-5091-435C-A2EE-1CE4C1290A76}.Debug|Any CPU.ActiveCfg = Debug|Any CPU
		{1761CF01-5091-435C-A2EE-1CE4C1290A76}.Debug|Any CPU.Build.0 = Debug|Any CPU
		{1761CF01-5091-435C-A2EE-1CE4C1290A76}.Release|Any CPU.ActiveCfg = Release|Any CPU
		{1761CF01-5091-435C-A2EE-1CE4C1290A76}.Release|Any CPU.Build.0 = Release|Any CPU
		{B4390BE8-6C48-457C-82EF-1BDCE05FE60C}.Debug|Any CPU.ActiveCfg = Debug|Any CPU
		{B4390BE8-6C48-457C-82EF-1BDCE05FE60C}.Debug|Any CPU.Build.0 = Debug|Any CPU
		{B4390BE8-6C48-457C-82EF-1BDCE05FE60C}.Release|Any CPU.ActiveCfg = Release|Any CPU
		{B4390BE8-6C48-457C-82EF-1BDCE05FE60C}.Release|Any CPU.Build.0 = Release|Any CPU
	EndGlobalSection
	GlobalSection(SolutionProperties) = preSolution
		HideSolutionNode = FALSE
	EndGlobalSection
	GlobalSection(ExtensibilityGlobals) = postSolution
		SolutionGuid = {14DC5C76-B403-4F33-A0FD-E6ABF6CA14E1}
	EndGlobalSection
EndGlobal
